// !$*UTF8*$!
{
	archiveVersion = 1;
	classes = {
	};
	objectVersion = 56;
	objects = {

/* Begin PBXBuildFile section */
		1111111111111111111111B1 /* iOSApp.swift in Sources */ = {isa = PBXBuildFile; fileRef = 1111111111111111111111A7 /* iOSApp.swift */; };
		1111111111111111111111B2 /* ContentView.swift in Sources */ = {isa = PBXBuildFile; fileRef = 1111111111111111111111A8 /* ContentView.swift */; };
		1111111111111111111111D2 /* Shared.framework in Frameworks */ = {isa = PBXBuildFile; fileRef = 1111111111111111111111D1 /* Shared.framework */; };
		1111111111111111111111D3 /* Shared.framework in Embed Frameworks */ = {isa = PBXBuildFile; fileRef = 1111111111111111111111D1 /* Shared.framework */; settings = {ATTRIBUTES = (CodeSignOnCopy, RemoveHeadersOnCopy, ); }; };
/* End PBXBuildFile section */

/* Begin PBXFileReference section */
		1111111111111111111111A6 /* iosApp.app */ = {isa = PBXFileReference; explicitFileType = wrapper.application; includeInIndex = 0; path = iosApp.app; sourceTree = BUILT_PRODUCTS_DIR; };
		1111111111111111111111A7 /* iOSApp.swift */ = {isa = PBXFileReference; lastKnownFileType = sourcecode.swift; path = iOSApp.swift; sourceTree = "<group>"; };
		1111111111111111111111A8 /* ContentView.swift */ = {isa = PBXFileReference; lastKnownFileType = sourcecode.swift; path = ContentView.swift; sourceTree = "<group>"; };
		1111111111111111111111A9 /* Info.plist */ = {isa = PBXFileReference; lastKnownFileType = text.plist.xml; path = Info.plist; sourceTree = "<group>"; };
		1111111111111111111111D1 /* Shared.framework */ = {isa = PBXFileReference; lastKnownFileType = wrapper.framework; name = Shared.framework; path = "../shared/build/xcode/Shared.framework"; sourceTree = SOURCE_ROOT; };
/* End PBXFileReference section */

/* Begin PBXFrameworksBuildPhase section */
		1111111111111111111111B4 /* Frameworks */ = {
			isa = PBXFrameworksBuildPhase;
			buildActionMask = 2147483647;
			files = (
				1111111111111111111111D2 /* Shared.framework in Frameworks */,
			);
			runOnlyForDeploymentPostprocessing = 0;
		};
/* End PBXFrameworksBuildPhase section */

/* Begin PBXCopyFilesBuildPhase section */
		1111111111111111111111D4 /* Embed Frameworks */ = {
			isa = PBXCopyFilesBuildPhase;
			buildActionMask = 2147483647;
			dstPath = "";
			dstSubfolderSpec = 10;
			files = (
				1111111111111111111111D3 /* Shared.framework in Embed Frameworks */,
			);
			name = "Embed Frameworks";
			runOnlyForDeploymentPostprocessing = 0;
		};
/* End PBXCopyFilesBuildPhase section */

/* Begin PBXGroup section */
		1111111111111111111111A2 = {
			isa = PBXGroup;
			children = (
				1111111111111111111111A4 /* iosApp */,
				1111111111111111111111A3 /* Products */,
			);
			sourceTree = "<group>";
		};
		1111111111111111111111A3 /* Products */ = {
			isa = PBXGroup;
			children = (
				1111111111111111111111A6 /* iosApp.app */,
			);
			name = Products;
			sourceTree = "<group>";
		};
		1111111111111111111111A4 /* iosApp */ = {
			isa = PBXGroup;
			children = (
				1111111111111111111111A7 /* iOSApp.swift */,
				1111111111111111111111A8 /* ContentView.swift */,
				1111111111111111111111A9 /* Info.plist */,
				1111111111111111111111D1 /* Shared.framework */,
			);
			path = iosApp;
			sourceTree = "<group>";
		};
/* End PBXGroup section */

/* Begin PBXNativeTarget section */
		1111111111111111111111A5 /* iosApp */ = {
			isa = PBXNativeTarget;
			buildConfigurationList = 1111111111111111111111C2 /* Build configuration list for PBXNativeTarget "iosApp" */;
			buildPhases = (
				1111111111111111111111E1 /* Build Kotlin Framework */,
				1111111111111111111111B3 /* Sources */,
				1111111111111111111111B4 /* Frameworks */,
				1111111111111111111111B5 /* Resources */,
				1111111111111111111111D4 /* Embed Frameworks */,
			);
			buildRules = (
			);
			dependencies = (
			);
			name = iosApp;
			productName = iosApp;
			productReference = 1111111111111111111111A6 /* iosApp.app */;
			productType = "com.apple.product-type.application";
		};
/* End PBXNativeTarget section */

/* Begin PBXProject section */
		1111111111111111111111A1 /* Project object */ = {
			isa = PBXProject;
			attributes = {
				BuildIndependentTargetsInParallel = 1;
				LastSwiftUpdateCheck = 1500;
				LastUpgradeCheck = 1500;
				TargetAttributes = {
					1111111111111111111111A5 = {
						CreatedOnToolsVersion = 15.0;
					};
				};
			};
			buildConfigurationList = 1111111111111111111111C1 /* Build configuration list for PBXProject "iosApp" */;
			compatibilityVersion = "Xcode 14.0";
			developmentRegion = en;
			hasScannedForEncodings = 0;
			knownRegions = (
				en,
				Base,
			);
			mainGroup = 1111111111111111111111A2;
			productRefGroup = 1111111111111111111111A3 /* Products */;
			projectDirPath = "";
			projectRoot = "";
			targets = (
				1111111111111111111111A5 /* iosApp */,
			);
		};
/* End PBXProject section */

/* Begin PBXShellScriptBuildPhase section */
		1111111111111111111111E1 /* Build Kotlin Framework */ = {
			isa = PBXShellScriptBuildPhase;
			alwaysOutOfDate = 1;
			buildActionMask = 2147483647;
			files = (
			);
			inputPaths = (
			);
			name = "Build Kotlin Framework";
			outputPaths = (
			);
			runOnlyForDeploymentPostprocessing = 0;
			shellPath = /bin/sh;
			shellScript = "# Kotlin 공유 프레임워크를 gradle 로 빌드(Xcode Run 만으로 자동 실행). SDK(시뮬/기기)에 맞춰 선택 후 고정 경로로 복사.\nif [ -z \"$JAVA_HOME\" ]; then\n  if [ -d \"/Applications/Android Studio.app/Contents/jbr/Contents/Home\" ]; then\n    export JAVA_HOME=\"/Applications/Android Studio.app/Contents/jbr/Contents/Home\"\n  elif [ -x /usr/libexec/java_home ]; then\n    export JAVA_HOME=\"$(/usr/libexec/java_home)\"\n  fi\nfi\ncd \"$SRCROOT/..\"\nif [ \"$PLATFORM_NAME\" = \"iphonesimulator\" ]; then\n  ./gradlew :shared:linkDebugFrameworkIosSimulatorArm64 || exit 1\n  SRC=\"shared/build/bin/iosSimulatorArm64/debugFramework/Shared.framework\"\nelse\n  ./gradlew :shared:linkDebugFrameworkIosArm64 || exit 1\n  SRC=\"shared/build/bin/iosArm64/debugFramework/Shared.framework\"\nfi\nmkdir -p shared/build/xcode\nrm -rf shared/build/xcode/Shared.framework\ncp -R \"$SRC\" shared/build/xcode/Shared.framework\n";
		};
/* End PBXShellScriptBuildPhase section */

/* Begin PBXResourcesBuildPhase section */
		1111111111111111111111B5 /* Resources */ = {
			isa = PBXResourcesBuildPhase;
			buildActionMask = 2147483647;
			files = (
			);
			runOnlyForDeploymentPostprocessing = 0;
		};
/* End PBXResourcesBuildPhase section */

/* Begin PBXSourcesBuildPhase section */
		1111111111111111111111B3 /* Sources */ = {
			isa = PBXSourcesBuildPhase;
			buildActionMask = 2147483647;
			files = (
				1111111111111111111111B2 /* ContentView.swift in Sources */,
				1111111111111111111111B1 /* iOSApp.swift in Sources */,
			);
			runOnlyForDeploymentPostprocessing = 0;
		};
/* End PBXSourcesBuildPhase section */

/* Begin XCBuildConfiguration section */
		1111111111111111111111C3 /* Debug */ = {
			isa = XCBuildConfiguration;
			buildSettings = {
				ALWAYS_SEARCH_USER_PATHS = NO;
				CLANG_ENABLE_MODULES = YES;
				CLANG_ENABLE_OBJC_ARC = YES;
				COPY_PHASE_STRIP = NO;
				DEBUG_INFORMATION_FORMAT = dwarf;
				ENABLE_TESTABILITY = YES;
				GCC_OPTIMIZATION_LEVEL = 0;
				ONLY_ACTIVE_ARCH = YES;
				SWIFT_ACTIVE_COMPILATION_CONDITIONS = DEBUG;
				SWIFT_OPTIMIZATION_LEVEL = "-Onone";
			};
			name = Debug;
		};
		1111111111111111111111C4 /* Release */ = {
			isa = XCBuildConfiguration;
			buildSettings = {
				ALWAYS_SEARCH_USER_PATHS = NO;
				CLANG_ENABLE_MODULES = YES;
				CLANG_ENABLE_OBJC_ARC = YES;
				COPY_PHASE_STRIP = NO;
				DEBUG_INFORMATION_FORMAT = "dwarf-with-dsym";
				SWIFT_OPTIMIZATION_LEVEL = "-O";
			};
			name = Release;
		};
		1111111111111111111111C5 /* Debug */ = {
			isa = XCBuildConfiguration;
			buildSettings = {
				ASSETCATALOG_COMPILER_GENERATE_ASSET_SYMBOLS = NO;
				CODE_SIGNING_ALLOWED = NO;
				CODE_SIGNING_REQUIRED = NO;
				CODE_SIGN_IDENTITY = "";
				FRAMEWORK_SEARCH_PATHS = (
					"$(inherited)",
					"$(PROJECT_DIR)/../shared/build/xcode",
				);
				GENERATE_INFOPLIST_FILE = NO;
				INFOPLIST_FILE = iosApp/Info.plist;
				IPHONEOS_DEPLOYMENT_TARGET = 15.0;
				SDKROOT = iphoneos;
				SUPPORTED_PLATFORMS = "iphoneos iphonesimulator";
				LD_RUNPATH_SEARCH_PATHS = (
					"$(inherited)",
					"@executable_path/Frameworks",
				);
				PRODUCT_BUNDLE_IDENTIFIER = com.ruleup.iosApp;
				PRODUCT_NAME = "$(TARGET_NAME)";
				SWIFT_VERSION = 5.0;
				TARGETED_DEVICE_FAMILY = "1,2";
			};
			name = Debug;
		};
		1111111111111111111111C6 /* Release */ = {
			isa = XCBuildConfiguration;
			buildSettings = {
				ASSETCATALOG_COMPILER_GENERATE_ASSET_SYMBOLS = NO;
				CODE_SIGNING_ALLOWED = NO;
				CODE_SIGNING_REQUIRED = NO;
				CODE_SIGN_IDENTITY = "";
				FRAMEWORK_SEARCH_PATHS = (
					"$(inherited)",
					"$(PROJECT_DIR)/../shared/build/xcode",
				);
				GENERATE_INFOPLIST_FILE = NO;
				INFOPLIST_FILE = iosApp/Info.plist;
				IPHONEOS_DEPLOYMENT_TARGET = 15.0;
				SDKROOT = iphoneos;
				SUPPORTED_PLATFORMS = "iphoneos iphonesimulator";
				LD_RUNPATH_SEARCH_PATHS = (
					"$(inherited)",
					"@executable_path/Frameworks",
				);
				PRODUCT_BUNDLE_IDENTIFIER = com.ruleup.iosApp;
				PRODUCT_NAME = "$(TARGET_NAME)";
				SWIFT_VERSION = 5.0;
				TARGETED_DEVICE_FAMILY = "1,2";
			};
			name = Release;
		};
/* End XCBuildConfiguration section */

/* Begin XCConfigurationList section */
		1111111111111111111111C1 /* Build configuration list for PBXProject "iosApp" */ = {
			isa = XCConfigurationList;
			buildConfigurations = (
				1111111111111111111111C3 /* Debug */,
				1111111111111111111111C4 /* Release */,
			);
			defaultConfigurationIsVisible = 0;
			defaultConfigurationName = Debug;
		};
		1111111111111111111111C2 /* Build configuration list for PBXNativeTarget "iosApp" */ = {
			isa = XCConfigurationList;
			buildConfigurations = (
				1111111111111111111111C5 /* Debug */,
				1111111111111111111111C6 /* Release */,
			);
			defaultConfigurationIsVisible = 0;
			defaultConfigurationName = Debug;
		};
/* End XCConfigurationList section */
	};
	rootObject = 1111111111111111111111A1 /* Project object */;
}
